{
    "_readme": [
        "This file locks the dependencies of your project to a known state",
        "Read more about it at http://getcomposer.org/doc/01-basic-usage.md#composer-lock-the-lock-file",
        "This file is @generated automatically"
    ],
    "hash": "e9026cd7151fd98aaf65f40158aa2a3e",
    "packages": [
        {
            "name": "viion/xivpads-lodestoneapi",
            "version": "dev-master",
            "source": {
                "type": "git",
                "url": "https://github.com/viion/XIVPads-LodestoneAPI.git",
                "reference": "da99c2860519e7d446ff83d2090d2ddfb5e6b46b"
            },
            "dist": {
                "type": "zip",
                "url": "https://api.github.com/repos/viion/XIVPads-LodestoneAPI/zipball/da99c2860519e7d446ff83d2090d2ddfb5e6b46b",
                "reference": "da99c2860519e7d446ff83d2090d2ddfb5e6b46b",
                "shasum": ""
            },
            "require": {
                "ext-curl": "*",
                "php": ">=5.4.0"
            },
            "type": "library",
            "autoload": {
                "psr-4": {
                    "Viion\\Lodestone\\": ""
                }
            },
            "notification-url": "https://packagist.org/downloads/",
            "license": [
                "MIT"
            ],
            "authors": [
                {
                    "name": "Josh Freeman",
                    "email": "josh@viion.co.uk",
                    "homepage": "http://xivpads.com/"
                }
            ],
            "description": "An API for parsing lodestone data, designed and maintained by XIVPads.com and XIVDB.com",
            "homepage": "http://github.com/viion/XIVPads-LodestoneAPI",
            "keywords": [
                "Final Fantasy XIV",
                "The Lodestone",
                "XIVDB",
                "XIVPads",
                "api"
            ],
            "time": "2014-10-28 21:38:04"
        }
    ],
    "packages-dev": [],
    "aliases": [],
    "minimum-stability": "stable",
    "stability-flags": {
        "viion/xivpads-lodestoneapi": 20
    },
    "prefer-stable": false,
    "platform": [],
    "platform-dev": []
}
